
Microsoft Visual Studio Solution File, Format Version 12.00
# Visual Studio Version 17
VisualStudioVersion = 17.8.34511.84
MinimumVisualStudioVersion = 10.0.40219.1
Project("{9A19103F-16F7-4668-BE54-9A1E7A4F7556}") = "BallBox", "BallBox\BallBox\BallBox.csproj", "{9D070EEC-1E7F-4BF2-80A3-7D54173800EF}"
EndProject
Project("{9A19103F-16F7-4668-BE54-9A1E7A4F7556}") = "BallBox.Client", "BallBox\BallBox.Client\BallBox.Client.csproj", "{28CBC018-2BA6-421D-8ECE-2A72BA0C61FD}"
EndProject
Project("{9A19103F-16F7-4668-BE54-9A1E7A4F7556}") = "BallBox.Data", "BallBox.Data\BallBox.Data.csproj", "{5AFF621D-95AA-4052-BDCB-CE37918FEBB4}"
EndProject
Project("{2150E333-8FDC-42A3-9474-1A3956D46DE8}") = "1.Domain", "1.Domain", "{27566153-C88D-489D-9D8A-C65750B8B3A8}"
EndProject
Project("{2150E333-8FDC-42A3-9474-1A3956D46DE8}") = "2.Application", "2.Application", "{9FF097DB-81F4-4233-944E-06346234B933}"
EndProject
Project("{2150E333-8FDC-42A3-9474-1A3956D46DE8}") = "3.Data", "3.Data", "{5EF20938-4F53-49FA-AAB7-48AD0AB09260}"
EndProject
Project("{2150E333-8FDC-42A3-9474-1A3956D46DE8}") = "4.Presentation", "4.Presentation", "{A423BAB5-9B29-4E3B-85E4-C316B3BA0694}"
EndProject
Project("{9A19103F-16F7-4668-BE54-9A1E7A4F7556}") = "BallBox.Application", "BallBox.Application\BallBox.Application.csproj", "{1E9F1685-6FDA-4FCB-9B7A-C6BB2ED470FD}"
EndProject
Project("{9A19103F-16F7-4668-BE54-9A1E7A4F7556}") = "BallBox.API", "BallBox.API\BallBox.API.csproj", "{3C9D5C21-F222-4745-8312-32EF62454AF9}"
EndProject
Global
	GlobalSection(SolutionConfigurationPlatforms) = preSolution
		Debug|Any CPU = Debug|Any CPU
		Release|Any CPU = Release|Any CPU
	EndGlobalSection
	GlobalSection(ProjectConfigurationPlatforms) = postSolution
		{9D070EEC-1E7F-4BF2-80A3-7D54173800EF}.Debug|Any CPU.ActiveCfg = Debug|Any CPU
		{9D070EEC-1E7F-4BF2-80A3-7D54173800EF}.Debug|Any CPU.Build.0 = Debug|Any CPU
		{9D070EEC-1E7F-4BF2-80A3-7D54173800EF}.Release|Any CPU.ActiveCfg = Release|Any CPU
		{9D070EEC-1E7F-4BF2-80A3-7D54173800EF}.Release|Any CPU.Build.0 = Release|Any CPU
		{28CBC018-2BA6-421D-8ECE-2A72BA0C61FD}.Debug|Any CPU.ActiveCfg = Debug|Any CPU
		{28CBC018-2BA6-421D-8ECE-2A72BA0C61FD}.Debug|Any CPU.Build.0 = Debug|Any CPU
		{28CBC018-2BA6-421D-8ECE-2A72BA0C61FD}.Release|Any CPU.ActiveCfg = Release|Any CPU
		{28CBC018-2BA6-421D-8ECE-2A72BA0C61FD}.Release|Any CPU.Build.0 = Release|Any CPU
		{5AFF621D-95AA-4052-BDCB-CE37918FEBB4}.Debug|Any CPU.ActiveCfg = Debug|Any CPU
		{5AFF621D-95AA-4052-BDCB-CE37918FEBB4}.Debug|Any CPU.Build.0 = Debug|Any CPU
		{5AFF621D-95AA-4052-BDCB-CE37918FEBB4}.Release|Any CPU.ActiveCfg = Release|Any CPU
		{5AFF621D-95AA-4052-BDCB-CE37918FEBB4}.Release|Any CPU.Build.0 = Release|Any CPU
		{1E9F1685-6FDA-4FCB-9B7A-C6BB2ED470FD}.Debug|Any CPU.ActiveCfg = Debug|Any CPU
		{1E9F1685-6FDA-4FCB-9B7A-C6BB2ED470FD}.Debug|Any CPU.Build.0 = Debug|Any CPU
		{1E9F1685-6FDA-4FCB-9B7A-C6BB2ED470FD}.Release|Any CPU.ActiveCfg = Release|Any CPU
		{1E9F1685-6FDA-4FCB-9B7A-C6BB2ED470FD}.Release|Any CPU.Build.0 = Release|Any CPU
		{3C9D5C21-F222-4745-8312-32EF62454AF9}.Debug|Any CPU.ActiveCfg = Debug|Any CPU
		{3C9D5C21-F222-4745-8312-32EF62454AF9}.Debug|Any CPU.Build.0 = Debug|Any CPU
		{3C9D5C21-F222-4745-8312-32EF62454AF9}.Release|Any CPU.ActiveCfg = Release|Any CPU
		{3C9D5C21-F222-4745-8312-32EF62454AF9}.Release|Any CPU.Build.0 = Release|Any CPU
	EndGlobalSection
	GlobalSection(SolutionProperties) = preSolution
		HideSolutionNode = FALSE
	EndGlobalSection
	GlobalSection(NestedProjects) = preSolution
		{9D070EEC-1E7F-4BF2-80A3-7D54173800EF} = {A423BAB5-9B29-4E3B-85E4-C316B3BA0694}
		{28CBC018-2BA6-421D-8ECE-2A72BA0C61FD} = {27566153-C88D-489D-9D8A-C65750B8B3A8}
		{5AFF621D-95AA-4052-BDCB-CE37918FEBB4} = {5EF20938-4F53-49FA-AAB7-48AD0AB09260}
		{1E9F1685-6FDA-4FCB-9B7A-C6BB2ED470FD} = {9FF097DB-81F4-4233-944E-06346234B933}
		{3C9D5C21-F222-4745-8312-32EF62454AF9} = {A423BAB5-9B29-4E3B-85E4-C316B3BA0694}
	EndGlobalSection
	GlobalSection(ExtensibilityGlobals) = postSolution
		SolutionGuid = {7DCB1955-DBB4-43BB-9D79-60FD043B5E22}
	EndGlobalSection
EndGlobal
